
Microsoft Visual Studio Solution File, Format Version 12.00
# Visual Studio Version 17
VisualStudioVersion = 17.7.34031.279
MinimumVisualStudioVersion = 10.0.40219.1
Project("{FAE04EC0-301F-11D3-BF4B-00C04F79EFBC}") = "BlazorAppBlazoriseDemo.Server", "Server\BlazorAppBlazoriseDemo.Server.csproj", "{C249E07D-C712-4714-9719-B466998D716B}"
EndProject
Project("{FAE04EC0-301F-11D3-BF4B-00C04F79EFBC}") = "BlazorAppBlazoriseDemo.Client", "Client\BlazorAppBlazoriseDemo.Client.csproj", "{DFC02349-D0D7-496F-B555-1098948872A3}"
EndProject
Project("{FAE04EC0-301F-11D3-BF4B-00C04F79EFBC}") = "BlazorAppBlazoriseDemo.Shared", "Shared\BlazorAppBlazoriseDemo.Shared.csproj", "{9CFD361A-C271-4360-986C-9CA5C17D777E}"
EndProject
Global
	GlobalSection(SolutionConfigurationPlatforms) = preSolution
		Debug|Any CPU = Debug|Any CPU
		Release|Any CPU = Release|Any CPU
	EndGlobalSection
	GlobalSection(ProjectConfigurationPlatforms) = postSolution
		{C249E07D-C712-4714-9719-B466998D716B}.Debug|Any CPU.ActiveCfg = Debug|Any CPU
		{C249E07D-C712-4714-9719-B466998D716B}.Debug|Any CPU.Build.0 = Debug|Any CPU
		{C249E07D-C712-4714-9719-B466998D716B}.Release|Any CPU.ActiveCfg = Release|Any CPU
		{C249E07D-C712-4714-9719-B466998D716B}.Release|Any CPU.Build.0 = Release|Any CPU
		{DFC02349-D0D7-496F-B555-1098948872A3}.Debug|Any CPU.ActiveCfg = Debug|Any CPU
		{DFC02349-D0D7-496F-B555-1098948872A3}.Debug|Any CPU.Build.0 = Debug|Any CPU
		{DFC02349-D0D7-496F-B555-1098948872A3}.Release|Any CPU.ActiveCfg = Release|Any CPU
		{DFC02349-D0D7-496F-B555-1098948872A3}.Release|Any CPU.Build.0 = Release|Any CPU
		{9CFD361A-C271-4360-986C-9CA5C17D777E}.Debug|Any CPU.ActiveCfg = Debug|Any CPU
		{9CFD361A-C271-4360-986C-9CA5C17D777E}.Debug|Any CPU.Build.0 = Debug|Any CPU
		{9CFD361A-C271-4360-986C-9CA5C17D777E}.Release|Any CPU.ActiveCfg = Release|Any CPU
		{9CFD361A-C271-4360-986C-9CA5C17D777E}.Release|Any CPU.Build.0 = Release|Any CPU
	EndGlobalSection
	GlobalSection(SolutionProperties) = preSolution
		HideSolutionNode = FALSE
	EndGlobalSection
	GlobalSection(ExtensibilityGlobals) = postSolution
		SolutionGuid = {5A72BC19-4EA4-4526-80DB-58132BE62906}
	EndGlobalSection
EndGlobal
